
Microsoft Visual Studio Solution File, Format Version 12.00
# Visual Studio Version 17
VisualStudioVersion = 17.5.002.0
MinimumVisualStudioVersion = 10.0.40219.1
Project("{9A19103F-16F7-4668-BE54-9A1E7A4F7556}") = "aoc-sso-poc-backend", "aoc-sso-poc-backend\aoc-sso-poc-backend.csproj", "{9EDB28AF-CC5C-4EF7-A96B-CB306D9ECDB2}"
EndProject
Global
	GlobalSection(SolutionConfigurationPlatforms) = preSolution
		Debug|Any CPU = Debug|Any CPU
		Release|Any CPU = Release|Any CPU
	EndGlobalSection
	GlobalSection(ProjectConfigurationPlatforms) = postSolution
		{9EDB28AF-CC5C-4EF7-A96B-CB306D9ECDB2}.Debug|Any CPU.ActiveCfg = Debug|Any CPU
		{9EDB28AF-CC5C-4EF7-A96B-CB306D9ECDB2}.Debug|Any CPU.Build.0 = Debug|Any CPU
		{9EDB28AF-CC5C-4EF7-A96B-CB306D9ECDB2}.Release|Any CPU.ActiveCfg = Release|Any CPU
		{9EDB28AF-CC5C-4EF7-A96B-CB306D9ECDB2}.Release|Any CPU.Build.0 = Release|Any CPU
	EndGlobalSection
	GlobalSection(SolutionProperties) = preSolution
		HideSolutionNode = FALSE
	EndGlobalSection
	GlobalSection(ExtensibilityGlobals) = postSolution
		SolutionGuid = {68252403-4205-4A14-8625-26EE62D5E807}
	EndGlobalSection
EndGlobal
